{
  "name": "crystal-corporate-web",
  "version": "0.1.0",
  "lockfileVersion": 3,
  "requires": true,
  "packages": {
    "": {
      "name": "crystal-corporate-web",
      "version": "0.1.0",
      "dependencies": {
        "@fontsource-variable/raleway": "5.3.0",
        "gsap": "3.13.0"
      }
    },
    "node_modules/@fontsource-variable/raleway": {
      "version": "5.3.0",
      "resolved": "https://registry.npmjs.org/@fontsource-variable/raleway/-/raleway-5.3.0.tgz",
      "integrity": "sha512-aSV2k+V6Zz+od0dHpBOzkVxEzmgEdiXcxDfant39jLOx+T89dielQRrZylukwK3Fp+FY255gPqz67ruOfs1rqA==",
      "license": "OFL-1.1",
      "funding": {
        "url": "https://github.com/sponsors/ayuhito"
      }
    },
    "node_modules/gsap": {
      "version": "3.13.0",
      "resolved": "https://registry.npmjs.org/gsap/-/gsap-3.13.0.tgz",
      "integrity": "sha512-QL7MJ2WMjm1PHWsoFrAQH/J8wUeqZvMtHO58qdekHpCfhvhSL4gSiz6vJf5EeMP0LOn3ZCprL2ki/gjED8ghVw==",
      "license": "Standard 'no charge' license: https://gsap.com/standard-license."
    }
  }
}
